
Microsoft Visual Studio Solution File, Format Version 12.00
# Visual Studio Version 17
VisualStudioVersion = 17.11.35327.3
MinimumVisualStudioVersion = 10.0.40219.1
Project("{FAE04EC0-301F-11D3-BF4B-00C04F79EFBC}") = "EmployeesCh12", "EmployeesCh12.csproj", "{9D42D6CC-C904-4208-BC37-9EC7024AB07A}"
EndProject
Global
	GlobalSection(SolutionConfigurationPlatforms) = preSolution
		Debug|Any CPU = Debug|Any CPU
		Release|Any CPU = Release|Any CPU
	EndGlobalSection
	GlobalSection(ProjectConfigurationPlatforms) = postSolution
		{9D42D6CC-C904-4208-BC37-9EC7024AB07A}.Debug|Any CPU.ActiveCfg = Debug|Any CPU
		{9D42D6CC-C904-4208-BC37-9EC7024AB07A}.Debug|Any CPU.Build.0 = Debug|Any CPU
		{9D42D6CC-C904-4208-BC37-9EC7024AB07A}.Release|Any CPU.ActiveCfg = Release|Any CPU
		{9D42D6CC-C904-4208-BC37-9EC7024AB07A}.Release|Any CPU.Build.0 = Release|Any CPU
	EndGlobalSection
	GlobalSection(SolutionProperties) = preSolution
		HideSolutionNode = FALSE
	EndGlobalSection
	GlobalSection(ExtensibilityGlobals) = postSolution
		SolutionGuid = {3A7E9BD6-7503-4605-AA5C-9F8D21DE5127}
	EndGlobalSection
EndGlobal
